
Microsoft Visual Studio Solution File, Format Version 12.00
# Visual Studio Version 17
VisualStudioVersion = 17.7.34202.233
MinimumVisualStudioVersion = 10.0.40219.1
Project("{FAE04EC0-301F-11D3-BF4B-00C04F79EFBC}") = "Woschinskaja_lab6_3", "Woschinskaja_lab6_3.csproj", "{774E9439-C458-468B-A9D8-EB818171E6C8}"
EndProject
Global
	GlobalSection(SolutionConfigurationPlatforms) = preSolution
		Debug|Any CPU = Debug|Any CPU
		Release|Any CPU = Release|Any CPU
	EndGlobalSection
	GlobalSection(ProjectConfigurationPlatforms) = postSolution
		{774E9439-C458-468B-A9D8-EB818171E6C8}.Debug|Any CPU.ActiveCfg = Debug|Any CPU
		{774E9439-C458-468B-A9D8-EB818171E6C8}.Debug|Any CPU.Build.0 = Debug|Any CPU
		{774E9439-C458-468B-A9D8-EB818171E6C8}.Release|Any CPU.ActiveCfg = Release|Any CPU
		{774E9439-C458-468B-A9D8-EB818171E6C8}.Release|Any CPU.Build.0 = Release|Any CPU
	EndGlobalSection
	GlobalSection(SolutionProperties) = preSolution
		HideSolutionNode = FALSE
	EndGlobalSection
	GlobalSection(ExtensibilityGlobals) = postSolution
		SolutionGuid = {ECEE4178-A189-4A01-B60F-B2A2CCA4893D}
	EndGlobalSection
EndGlobal
